
Microsoft Visual Studio Solution File, Format Version 12.00
# Visual Studio Version 17
VisualStudioVersion = 17.4.33110.190
MinimumVisualStudioVersion = 10.0.40219.1
Project("{FAE04EC0-301F-11D3-BF4B-00C04F79EFBC}") = "ContactAPI", "ContactAPI\ContactAPI.csproj", "{A3AE031A-39D4-48A4-B420-D1579E4C8DAD}"
EndProject
Global
	GlobalSection(SolutionConfigurationPlatforms) = preSolution
		Debug|Any CPU = Debug|Any CPU
		Release|Any CPU = Release|Any CPU
	EndGlobalSection
	GlobalSection(ProjectConfigurationPlatforms) = postSolution
		{A3AE031A-39D4-48A4-B420-D1579E4C8DAD}.Debug|Any CPU.ActiveCfg = Debug|Any CPU
		{A3AE031A-39D4-48A4-B420-D1579E4C8DAD}.Debug|Any CPU.Build.0 = Debug|Any CPU
		{A3AE031A-39D4-48A4-B420-D1579E4C8DAD}.Release|Any CPU.ActiveCfg = Release|Any CPU
		{A3AE031A-39D4-48A4-B420-D1579E4C8DAD}.Release|Any CPU.Build.0 = Release|Any CPU
	EndGlobalSection
	GlobalSection(SolutionProperties) = preSolution
		HideSolutionNode = FALSE
	EndGlobalSection
	GlobalSection(ExtensibilityGlobals) = postSolution
		SolutionGuid = {014DE9F9-E442-4080-B5EA-B10619123A56}
	EndGlobalSection
EndGlobal
